
Microsoft Visual Studio Solution File, Format Version 12.00
# Visual Studio 14
VisualStudioVersion = 14.0.23107.0
MinimumVisualStudioVersion = 10.0.40219.1
Project("{FAE04EC0-301F-11D3-BF4B-00C04F79EFBC}") = "AV2TestesAutomatizados_AnaeRamon", "AV2TestesAutomatizados_AnaeRamon\AV2TestesAutomatizados_AnaeRamon.csproj", "{C66A28D0-54DA-482B-A470-C4740E161DFE}"
EndProject
Project("{FAE04EC0-301F-11D3-BF4B-00C04F79EFBC}") = "AV2TestesAutomatizados_AnaeRamon.Specs", "AV2TestesAutomatizados_AnaeRamon.Specs\AV2TestesAutomatizados_AnaeRamon.Specs.csproj", "{BC774ECE-4F4A-4A74-AB30-F4926BD2DC37}"
EndProject
Project("{FAE04EC0-301F-11D3-BF4B-00C04F79EFBC}") = "AV2Database", "AV2Database\AV2Database.csproj", "{8A468B71-2C90-4123-AA37-2EB4966338BD}"
EndProject
Global
	GlobalSection(SolutionConfigurationPlatforms) = preSolution
		Ana|Any CPU = Ana|Any CPU
		Debug|Any CPU = Debug|Any CPU
		Release|Any CPU = Release|Any CPU
		RHome|Any CPU = RHome|Any CPU
		RWork|Any CPU = RWork|Any CPU
	EndGlobalSection
	GlobalSection(ProjectConfigurationPlatforms) = postSolution
		{C66A28D0-54DA-482B-A470-C4740E161DFE}.Ana|Any CPU.ActiveCfg = Ana|Any CPU
		{C66A28D0-54DA-482B-A470-C4740E161DFE}.Ana|Any CPU.Build.0 = Ana|Any CPU
		{C66A28D0-54DA-482B-A470-C4740E161DFE}.Debug|Any CPU.ActiveCfg = Debug|Any CPU
		{C66A28D0-54DA-482B-A470-C4740E161DFE}.Debug|Any CPU.Build.0 = Debug|Any CPU
		{C66A28D0-54DA-482B-A470-C4740E161DFE}.Release|Any CPU.ActiveCfg = Release|Any CPU
		{C66A28D0-54DA-482B-A470-C4740E161DFE}.Release|Any CPU.Build.0 = Release|Any CPU
		{C66A28D0-54DA-482B-A470-C4740E161DFE}.RHome|Any CPU.ActiveCfg = RHome|Any CPU
		{C66A28D0-54DA-482B-A470-C4740E161DFE}.RHome|Any CPU.Build.0 = RHome|Any CPU
		{C66A28D0-54DA-482B-A470-C4740E161DFE}.RWork|Any CPU.ActiveCfg = RWork|Any CPU
		{C66A28D0-54DA-482B-A470-C4740E161DFE}.RWork|Any CPU.Build.0 = RWork|Any CPU
		{BC774ECE-4F4A-4A74-AB30-F4926BD2DC37}.Ana|Any CPU.ActiveCfg = Ana|Any CPU
		{BC774ECE-4F4A-4A74-AB30-F4926BD2DC37}.Ana|Any CPU.Build.0 = Ana|Any CPU
		{BC774ECE-4F4A-4A74-AB30-F4926BD2DC37}.Debug|Any CPU.ActiveCfg = Debug|Any CPU
		{BC774ECE-4F4A-4A74-AB30-F4926BD2DC37}.Debug|Any CPU.Build.0 = Debug|Any CPU
		{BC774ECE-4F4A-4A74-AB30-F4926BD2DC37}.Release|Any CPU.ActiveCfg = Release|Any CPU
		{BC774ECE-4F4A-4A74-AB30-F4926BD2DC37}.Release|Any CPU.Build.0 = Release|Any CPU
		{BC774ECE-4F4A-4A74-AB30-F4926BD2DC37}.RHome|Any CPU.ActiveCfg = RHome|Any CPU
		{BC774ECE-4F4A-4A74-AB30-F4926BD2DC37}.RHome|Any CPU.Build.0 = RHome|Any CPU
		{BC774ECE-4F4A-4A74-AB30-F4926BD2DC37}.RWork|Any CPU.ActiveCfg = RWork|Any CPU
		{BC774ECE-4F4A-4A74-AB30-F4926BD2DC37}.RWork|Any CPU.Build.0 = RWork|Any CPU
		{8A468B71-2C90-4123-AA37-2EB4966338BD}.Ana|Any CPU.ActiveCfg = Ana|Any CPU
		{8A468B71-2C90-4123-AA37-2EB4966338BD}.Ana|Any CPU.Build.0 = Ana|Any CPU
		{8A468B71-2C90-4123-AA37-2EB4966338BD}.Debug|Any CPU.ActiveCfg = Debug|Any CPU
		{8A468B71-2C90-4123-AA37-2EB4966338BD}.Debug|Any CPU.Build.0 = Debug|Any CPU
		{8A468B71-2C90-4123-AA37-2EB4966338BD}.Release|Any CPU.ActiveCfg = Release|Any CPU
		{8A468B71-2C90-4123-AA37-2EB4966338BD}.Release|Any CPU.Build.0 = Release|Any CPU
		{8A468B71-2C90-4123-AA37-2EB4966338BD}.RHome|Any CPU.ActiveCfg = RHome|Any CPU
		{8A468B71-2C90-4123-AA37-2EB4966338BD}.RHome|Any CPU.Build.0 = RHome|Any CPU
		{8A468B71-2C90-4123-AA37-2EB4966338BD}.RWork|Any CPU.ActiveCfg = RWork|Any CPU
		{8A468B71-2C90-4123-AA37-2EB4966338BD}.RWork|Any CPU.Build.0 = RWork|Any CPU
	EndGlobalSection
	GlobalSection(SolutionProperties) = preSolution
		HideSolutionNode = FALSE
	EndGlobalSection
EndGlobal
